
Microsoft Visual Studio Solution File, Format Version 12.00
# Visual Studio Version 16
VisualStudioVersion = 16.0.29806.167
MinimumVisualStudioVersion = 10.0.40219.1
Project("{FAE04EC0-301F-11D3-BF4B-00C04F79EFBC}") = "lect_1", "lect_1\lect_1.csproj", "{9167E087-F9FA-4C15-AB58-188CEDE8EABB}"
EndProject
Project("{FAE04EC0-301F-11D3-BF4B-00C04F79EFBC}") = "lect_2", "lect_2\lect_2.csproj", "{92762FB6-6694-4802-8422-879F21DACD40}"
EndProject
Project("{2150E333-8FDC-42A3-9474-1A3956D46DE8}") = "lections", "lections", "{EC42B0D4-DD37-425B-9538-BB7589231E51}"
EndProject
Project("{2150E333-8FDC-42A3-9474-1A3956D46DE8}") = "labs", "labs", "{73E0CEBA-621B-4493-89D7-E64A4B011112}"
EndProject
Global
	GlobalSection(SolutionConfigurationPlatforms) = preSolution
		Debug|Any CPU = Debug|Any CPU
		Release|Any CPU = Release|Any CPU
	EndGlobalSection
	GlobalSection(ProjectConfigurationPlatforms) = postSolution
		{9167E087-F9FA-4C15-AB58-188CEDE8EABB}.Debug|Any CPU.ActiveCfg = Debug|Any CPU
		{9167E087-F9FA-4C15-AB58-188CEDE8EABB}.Debug|Any CPU.Build.0 = Debug|Any CPU
		{9167E087-F9FA-4C15-AB58-188CEDE8EABB}.Release|Any CPU.ActiveCfg = Release|Any CPU
		{9167E087-F9FA-4C15-AB58-188CEDE8EABB}.Release|Any CPU.Build.0 = Release|Any CPU
		{92762FB6-6694-4802-8422-879F21DACD40}.Debug|Any CPU.ActiveCfg = Debug|Any CPU
		{92762FB6-6694-4802-8422-879F21DACD40}.Debug|Any CPU.Build.0 = Debug|Any CPU
		{92762FB6-6694-4802-8422-879F21DACD40}.Release|Any CPU.ActiveCfg = Release|Any CPU
		{92762FB6-6694-4802-8422-879F21DACD40}.Release|Any CPU.Build.0 = Release|Any CPU
	EndGlobalSection
	GlobalSection(SolutionProperties) = preSolution
		HideSolutionNode = FALSE
	EndGlobalSection
	GlobalSection(NestedProjects) = preSolution
		{9167E087-F9FA-4C15-AB58-188CEDE8EABB} = {EC42B0D4-DD37-425B-9538-BB7589231E51}
		{92762FB6-6694-4802-8422-879F21DACD40} = {EC42B0D4-DD37-425B-9538-BB7589231E51}
	EndGlobalSection
	GlobalSection(ExtensibilityGlobals) = postSolution
		SolutionGuid = {377A3777-F24A-41F4-8507-DF10A71CE2FC}
	EndGlobalSection
EndGlobal
