
Microsoft Visual Studio Solution File, Format Version 12.00
# Visual Studio Version 16
VisualStudioVersion = 16.0.29806.167
MinimumVisualStudioVersion = 10.0.40219.1
Project("{FAE04EC0-301F-11D3-BF4B-00C04F79EFBC}") = "lect_1", "lect_1\lect_1.csproj", "{9167E087-F9FA-4C15-AB58-188CEDE8EABB}"
EndProject
Project("{FAE04EC0-301F-11D3-BF4B-00C04F79EFBC}") = "lect_2", "lect_2\lect_2.csproj", "{92762FB6-6694-4802-8422-879F21DACD40}"
EndProject
Project("{2150E333-8FDC-42A3-9474-1A3956D46DE8}") = "lections", "lections", "{EC42B0D4-DD37-425B-9538-BB7589231E51}"
EndProject
Project("{2150E333-8FDC-42A3-9474-1A3956D46DE8}") = "labs", "labs", "{73E0CEBA-621B-4493-89D7-E64A4B011112}"
EndProject
Project("{FAE04EC0-301F-11D3-BF4B-00C04F79EFBC}") = "lab_2", "lab_2\lab_2.csproj", "{C4AC1DDD-E503-4F7D-8F84-1DE4C1A98C93}"
EndProject
Project("{FAE04EC0-301F-11D3-BF4B-00C04F79EFBC}") = "lect_3", "lect_3\lect_3.csproj", "{7DB2C95D-0287-4325-8C15-FB17F29B53B0}"
EndProject
Project("{FAE04EC0-301F-11D3-BF4B-00C04F79EFBC}") = "lab_3", "lab_3\lab_3.csproj", "{62974EB5-447A-4641-884E-15919CCA0D90}"
EndProject
Project("{FAE04EC0-301F-11D3-BF4B-00C04F79EFBC}") = "lab_4", "lab_4\lab_4.csproj", "{5FA2A866-A579-453A-BD3F-920067A8DD6A}"
EndProject
Project("{FAE04EC0-301F-11D3-BF4B-00C04F79EFBC}") = "lect_6", "lect6\lect_6.csproj", "{8683E108-2EBF-493F-A818-4E0665170FDC}"
EndProject
Project("{FAE04EC0-301F-11D3-BF4B-00C04F79EFBC}") = "lab_5", "lab_5\lab_5.csproj", "{1AB26143-9558-412A-BEF7-CBD6440D5F9B}"
EndProject
Project("{FAE04EC0-301F-11D3-BF4B-00C04F79EFBC}") = "lect_7", "lect_7\lect_7.csproj", "{5F361FE0-4F1D-46FC-9F19-7B6401FBBD5A}"
EndProject
Project("{FAE04EC0-301F-11D3-BF4B-00C04F79EFBC}") = "lab_6", "lab_6\lab_6.csproj", "{C6C0E173-C458-479F-9541-3C779FAD7667}"
EndProject
Project("{FAE04EC0-301F-11D3-BF4B-00C04F79EFBC}") = "Course project", "lab_8\Course project.csproj", "{E124D6A5-C9D2-40DD-AA56-5A65DC481184}"
EndProject
Global
	GlobalSection(SolutionConfigurationPlatforms) = preSolution
		Debug|Any CPU = Debug|Any CPU
		Release|Any CPU = Release|Any CPU
	EndGlobalSection
	GlobalSection(ProjectConfigurationPlatforms) = postSolution
		{9167E087-F9FA-4C15-AB58-188CEDE8EABB}.Debug|Any CPU.ActiveCfg = Debug|Any CPU
		{9167E087-F9FA-4C15-AB58-188CEDE8EABB}.Debug|Any CPU.Build.0 = Debug|Any CPU
		{9167E087-F9FA-4C15-AB58-188CEDE8EABB}.Release|Any CPU.ActiveCfg = Release|Any CPU
		{9167E087-F9FA-4C15-AB58-188CEDE8EABB}.Release|Any CPU.Build.0 = Release|Any CPU
		{92762FB6-6694-4802-8422-879F21DACD40}.Debug|Any CPU.ActiveCfg = Debug|Any CPU
		{92762FB6-6694-4802-8422-879F21DACD40}.Debug|Any CPU.Build.0 = Debug|Any CPU
		{92762FB6-6694-4802-8422-879F21DACD40}.Release|Any CPU.ActiveCfg = Release|Any CPU
		{92762FB6-6694-4802-8422-879F21DACD40}.Release|Any CPU.Build.0 = Release|Any CPU
		{C4AC1DDD-E503-4F7D-8F84-1DE4C1A98C93}.Debug|Any CPU.ActiveCfg = Debug|Any CPU
		{C4AC1DDD-E503-4F7D-8F84-1DE4C1A98C93}.Debug|Any CPU.Build.0 = Debug|Any CPU
		{C4AC1DDD-E503-4F7D-8F84-1DE4C1A98C93}.Release|Any CPU.ActiveCfg = Release|Any CPU
		{C4AC1DDD-E503-4F7D-8F84-1DE4C1A98C93}.Release|Any CPU.Build.0 = Release|Any CPU
		{7DB2C95D-0287-4325-8C15-FB17F29B53B0}.Debug|Any CPU.ActiveCfg = Debug|Any CPU
		{7DB2C95D-0287-4325-8C15-FB17F29B53B0}.Debug|Any CPU.Build.0 = Debug|Any CPU
		{7DB2C95D-0287-4325-8C15-FB17F29B53B0}.Release|Any CPU.ActiveCfg = Release|Any CPU
		{7DB2C95D-0287-4325-8C15-FB17F29B53B0}.Release|Any CPU.Build.0 = Release|Any CPU
		{62974EB5-447A-4641-884E-15919CCA0D90}.Debug|Any CPU.ActiveCfg = Debug|Any CPU
		{62974EB5-447A-4641-884E-15919CCA0D90}.Debug|Any CPU.Build.0 = Debug|Any CPU
		{62974EB5-447A-4641-884E-15919CCA0D90}.Release|Any CPU.ActiveCfg = Release|Any CPU
		{62974EB5-447A-4641-884E-15919CCA0D90}.Release|Any CPU.Build.0 = Release|Any CPU
		{5FA2A866-A579-453A-BD3F-920067A8DD6A}.Debug|Any CPU.ActiveCfg = Debug|Any CPU
		{5FA2A866-A579-453A-BD3F-920067A8DD6A}.Debug|Any CPU.Build.0 = Debug|Any CPU
		{5FA2A866-A579-453A-BD3F-920067A8DD6A}.Release|Any CPU.ActiveCfg = Release|Any CPU
		{5FA2A866-A579-453A-BD3F-920067A8DD6A}.Release|Any CPU.Build.0 = Release|Any CPU
		{8683E108-2EBF-493F-A818-4E0665170FDC}.Debug|Any CPU.ActiveCfg = Debug|Any CPU
		{8683E108-2EBF-493F-A818-4E0665170FDC}.Debug|Any CPU.Build.0 = Debug|Any CPU
		{8683E108-2EBF-493F-A818-4E0665170FDC}.Release|Any CPU.ActiveCfg = Release|Any CPU
		{8683E108-2EBF-493F-A818-4E0665170FDC}.Release|Any CPU.Build.0 = Release|Any CPU
		{1AB26143-9558-412A-BEF7-CBD6440D5F9B}.Debug|Any CPU.ActiveCfg = Debug|Any CPU
		{1AB26143-9558-412A-BEF7-CBD6440D5F9B}.Debug|Any CPU.Build.0 = Debug|Any CPU
		{1AB26143-9558-412A-BEF7-CBD6440D5F9B}.Release|Any CPU.ActiveCfg = Release|Any CPU
		{1AB26143-9558-412A-BEF7-CBD6440D5F9B}.Release|Any CPU.Build.0 = Release|Any CPU
		{5F361FE0-4F1D-46FC-9F19-7B6401FBBD5A}.Debug|Any CPU.ActiveCfg = Debug|Any CPU
		{5F361FE0-4F1D-46FC-9F19-7B6401FBBD5A}.Debug|Any CPU.Build.0 = Debug|Any CPU
		{5F361FE0-4F1D-46FC-9F19-7B6401FBBD5A}.Release|Any CPU.ActiveCfg = Release|Any CPU
		{5F361FE0-4F1D-46FC-9F19-7B6401FBBD5A}.Release|Any CPU.Build.0 = Release|Any CPU
		{C6C0E173-C458-479F-9541-3C779FAD7667}.Debug|Any CPU.ActiveCfg = Debug|Any CPU
		{C6C0E173-C458-479F-9541-3C779FAD7667}.Debug|Any CPU.Build.0 = Debug|Any CPU
		{C6C0E173-C458-479F-9541-3C779FAD7667}.Release|Any CPU.ActiveCfg = Release|Any CPU
		{C6C0E173-C458-479F-9541-3C779FAD7667}.Release|Any CPU.Build.0 = Release|Any CPU
		{E124D6A5-C9D2-40DD-AA56-5A65DC481184}.Debug|Any CPU.ActiveCfg = Debug|Any CPU
		{E124D6A5-C9D2-40DD-AA56-5A65DC481184}.Debug|Any CPU.Build.0 = Debug|Any CPU
		{E124D6A5-C9D2-40DD-AA56-5A65DC481184}.Release|Any CPU.ActiveCfg = Release|Any CPU
		{E124D6A5-C9D2-40DD-AA56-5A65DC481184}.Release|Any CPU.Build.0 = Release|Any CPU
	EndGlobalSection
	GlobalSection(SolutionProperties) = preSolution
		HideSolutionNode = FALSE
	EndGlobalSection
	GlobalSection(NestedProjects) = preSolution
		{9167E087-F9FA-4C15-AB58-188CEDE8EABB} = {EC42B0D4-DD37-425B-9538-BB7589231E51}
		{92762FB6-6694-4802-8422-879F21DACD40} = {EC42B0D4-DD37-425B-9538-BB7589231E51}
		{C4AC1DDD-E503-4F7D-8F84-1DE4C1A98C93} = {73E0CEBA-621B-4493-89D7-E64A4B011112}
		{7DB2C95D-0287-4325-8C15-FB17F29B53B0} = {EC42B0D4-DD37-425B-9538-BB7589231E51}
		{62974EB5-447A-4641-884E-15919CCA0D90} = {73E0CEBA-621B-4493-89D7-E64A4B011112}
		{5FA2A866-A579-453A-BD3F-920067A8DD6A} = {73E0CEBA-621B-4493-89D7-E64A4B011112}
		{8683E108-2EBF-493F-A818-4E0665170FDC} = {EC42B0D4-DD37-425B-9538-BB7589231E51}
		{1AB26143-9558-412A-BEF7-CBD6440D5F9B} = {73E0CEBA-621B-4493-89D7-E64A4B011112}
		{5F361FE0-4F1D-46FC-9F19-7B6401FBBD5A} = {EC42B0D4-DD37-425B-9538-BB7589231E51}
		{C6C0E173-C458-479F-9541-3C779FAD7667} = {73E0CEBA-621B-4493-89D7-E64A4B011112}
	EndGlobalSection
	GlobalSection(ExtensibilityGlobals) = postSolution
		SolutionGuid = {377A3777-F24A-41F4-8507-DF10A71CE2FC}
	EndGlobalSection
EndGlobal
